
Microsoft Visual Studio Solution File, Format Version 12.00
# Visual Studio Version 16
VisualStudioVersion = 16.0.30503.244
MinimumVisualStudioVersion = 10.0.40219.1
Project("{2150E333-8FDC-42A3-9474-1A3956D46DE8}") = "Solution Items", "Solution Items", "{DABD2667-0EF4-4814-8353-8675E1C8F95E}"
	ProjectSection(SolutionItems) = preProject
		.gitattributes = .gitattributes
		.gitignore = .gitignore
		build.cake = build.cake
		README.md = README.md
	EndProjectSection
EndProject
Project("{2150E333-8FDC-42A3-9474-1A3956D46DE8}") = "Runner", "Runner", "{B3AE763A-DC9C-4F5D-B5F0-97A1B10D147B}"
EndProject
Project("{2150E333-8FDC-42A3-9474-1A3956D46DE8}") = "Tests", "Tests", "{040381B1-C9E8-4D7C-8A60-EF4C343C7374}"
EndProject
Project("{9A19103F-16F7-4668-BE54-9A1E7A4F7556}") = "NUnit.Xamarin", "NUnit.Xamarin\NUnit.Xamarin.csproj", "{3A1ECDAE-A835-414B-AB0C-B30502CEF427}"
EndProject
Project("{FAE04EC0-301F-11D3-BF4B-00C04F79EFBC}") = "NUnit.Xamarin.Tests.UWP", "Tests\NUnit.Xamarin.Tests\NUnit.Xamarin.Tests.UWP\NUnit.Xamarin.Tests.UWP.csproj", "{AF5B711C-CB07-43F7-8130-D84E4B885E7D}"
EndProject
Project("{FAE04EC0-301F-11D3-BF4B-00C04F79EFBC}") = "NUnit.Xamarin.Tests.Android", "Tests\NUnit.Xamarin.Tests\NUnit.Xamarin.Tests.Android\NUnit.Xamarin.Tests.Android.csproj", "{9D90738A-51E4-4865-BF58-E0E2998720EF}"
EndProject
Project("{FAE04EC0-301F-11D3-BF4B-00C04F79EFBC}") = "NUnit.Xamarin.Tests.iOS", "Tests\NUnit.Xamarin.Tests\NUnit.Xamarin.Tests.iOS\NUnit.Xamarin.Tests.iOS.csproj", "{13E46D95-F514-4BD2-A98D-2D979465BACC}"
EndProject
Project("{9A19103F-16F7-4668-BE54-9A1E7A4F7556}") = "NUnit.Xamarin.Tests", "Tests\NUnit.Xamarin.Tests\NUnit.Xamarin.Tests\NUnit.Xamarin.Tests.csproj", "{040DA56C-199F-4F4C-94AF-01B945A283B5}"
EndProject
Global
	GlobalSection(SolutionConfigurationPlatforms) = preSolution
		Ad-Hoc|Any CPU = Ad-Hoc|Any CPU
		Ad-Hoc|ARM = Ad-Hoc|ARM
		Ad-Hoc|iPhone = Ad-Hoc|iPhone
		Ad-Hoc|iPhoneSimulator = Ad-Hoc|iPhoneSimulator
		Ad-Hoc|Mixed Platforms = Ad-Hoc|Mixed Platforms
		Ad-Hoc|x64 = Ad-Hoc|x64
		Ad-Hoc|x86 = Ad-Hoc|x86
		AppStore|Any CPU = AppStore|Any CPU
		AppStore|ARM = AppStore|ARM
		AppStore|iPhone = AppStore|iPhone
		AppStore|iPhoneSimulator = AppStore|iPhoneSimulator
		AppStore|Mixed Platforms = AppStore|Mixed Platforms
		AppStore|x64 = AppStore|x64
		AppStore|x86 = AppStore|x86
		Debug|Any CPU = Debug|Any CPU
		Debug|ARM = Debug|ARM
		Debug|iPhone = Debug|iPhone
		Debug|iPhoneSimulator = Debug|iPhoneSimulator
		Debug|Mixed Platforms = Debug|Mixed Platforms
		Debug|x64 = Debug|x64
		Debug|x86 = Debug|x86
		Release|Any CPU = Release|Any CPU
		Release|ARM = Release|ARM
		Release|iPhone = Release|iPhone
		Release|iPhoneSimulator = Release|iPhoneSimulator
		Release|Mixed Platforms = Release|Mixed Platforms
		Release|x64 = Release|x64
		Release|x86 = Release|x86
	EndGlobalSection
	GlobalSection(ProjectConfigurationPlatforms) = postSolution
		{3A1ECDAE-A835-414B-AB0C-B30502CEF427}.Ad-Hoc|Any CPU.ActiveCfg = Release|Any CPU
		{3A1ECDAE-A835-414B-AB0C-B30502CEF427}.Ad-Hoc|Any CPU.Build.0 = Release|Any CPU
		{3A1ECDAE-A835-414B-AB0C-B30502CEF427}.Ad-Hoc|ARM.ActiveCfg = Release|Any CPU
		{3A1ECDAE-A835-414B-AB0C-B30502CEF427}.Ad-Hoc|ARM.Build.0 = Release|Any CPU
		{3A1ECDAE-A835-414B-AB0C-B30502CEF427}.Ad-Hoc|iPhone.ActiveCfg = Release|Any CPU
		{3A1ECDAE-A835-414B-AB0C-B30502CEF427}.Ad-Hoc|iPhone.Build.0 = Release|Any CPU
		{3A1ECDAE-A835-414B-AB0C-B30502CEF427}.Ad-Hoc|iPhoneSimulator.ActiveCfg = Release|Any CPU
		{3A1ECDAE-A835-414B-AB0C-B30502CEF427}.Ad-Hoc|iPhoneSimulator.Build.0 = Release|Any CPU
		{3A1ECDAE-A835-414B-AB0C-B30502CEF427}.Ad-Hoc|Mixed Platforms.ActiveCfg = Release|Any CPU
		{3A1ECDAE-A835-414B-AB0C-B30502CEF427}.Ad-Hoc|Mixed Platforms.Build.0 = Release|Any CPU
		{3A1ECDAE-A835-414B-AB0C-B30502CEF427}.Ad-Hoc|x64.ActiveCfg = Release|Any CPU
		{3A1ECDAE-A835-414B-AB0C-B30502CEF427}.Ad-Hoc|x64.Build.0 = Release|Any CPU
		{3A1ECDAE-A835-414B-AB0C-B30502CEF427}.Ad-Hoc|x86.ActiveCfg = Release|Any CPU
		{3A1ECDAE-A835-414B-AB0C-B30502CEF427}.Ad-Hoc|x86.Build.0 = Release|Any CPU
		{3A1ECDAE-A835-414B-AB0C-B30502CEF427}.AppStore|Any CPU.ActiveCfg = Release|Any CPU
		{3A1ECDAE-A835-414B-AB0C-B30502CEF427}.AppStore|Any CPU.Build.0 = Release|Any CPU
		{3A1ECDAE-A835-414B-AB0C-B30502CEF427}.AppStore|ARM.ActiveCfg = Release|Any CPU
		{3A1ECDAE-A835-414B-AB0C-B30502CEF427}.AppStore|ARM.Build.0 = Release|Any CPU
		{3A1ECDAE-A835-414B-AB0C-B30502CEF427}.AppStore|iPhone.ActiveCfg = Release|Any CPU
		{3A1ECDAE-A835-414B-AB0C-B30502CEF427}.AppStore|iPhone.Build.0 = Release|Any CPU
		{3A1ECDAE-A835-414B-AB0C-B30502CEF427}.AppStore|iPhoneSimulator.ActiveCfg = Release|Any CPU
		{3A1ECDAE-A835-414B-AB0C-B30502CEF427}.AppStore|iPhoneSimulator.Build.0 = Release|Any CPU
		{3A1ECDAE-A835-414B-AB0C-B30502CEF427}.AppStore|Mixed Platforms.ActiveCfg = Release|Any CPU
		{3A1ECDAE-A835-414B-AB0C-B30502CEF427}.AppStore|Mixed Platforms.Build.0 = Release|Any CPU
		{3A1ECDAE-A835-414B-AB0C-B30502CEF427}.AppStore|x64.ActiveCfg = Release|Any CPU
		{3A1ECDAE-A835-414B-AB0C-B30502CEF427}.AppStore|x64.Build.0 = Release|Any CPU
		{3A1ECDAE-A835-414B-AB0C-B30502CEF427}.AppStore|x86.ActiveCfg = Release|Any CPU
		{3A1ECDAE-A835-414B-AB0C-B30502CEF427}.AppStore|x86.Build.0 = Release|Any CPU
		{3A1ECDAE-A835-414B-AB0C-B30502CEF427}.Debug|Any CPU.ActiveCfg = Debug|Any CPU
		{3A1ECDAE-A835-414B-AB0C-B30502CEF427}.Debug|Any CPU.Build.0 = Debug|Any CPU
		{3A1ECDAE-A835-414B-AB0C-B30502CEF427}.Debug|ARM.ActiveCfg = Debug|Any CPU
		{3A1ECDAE-A835-414B-AB0C-B30502CEF427}.Debug|ARM.Build.0 = Debug|Any CPU
		{3A1ECDAE-A835-414B-AB0C-B30502CEF427}.Debug|iPhone.ActiveCfg = Debug|Any CPU
		{3A1ECDAE-A835-414B-AB0C-B30502CEF427}.Debug|iPhone.Build.0 = Debug|Any CPU
		{3A1ECDAE-A835-414B-AB0C-B30502CEF427}.Debug|iPhoneSimulator.ActiveCfg = Debug|Any CPU
		{3A1ECDAE-A835-414B-AB0C-B30502CEF427}.Debug|iPhoneSimulator.Build.0 = Debug|Any CPU
		{3A1ECDAE-A835-414B-AB0C-B30502CEF427}.Debug|Mixed Platforms.ActiveCfg = Debug|Any CPU
		{3A1ECDAE-A835-414B-AB0C-B30502CEF427}.Debug|Mixed Platforms.Build.0 = Debug|Any CPU
		{3A1ECDAE-A835-414B-AB0C-B30502CEF427}.Debug|x64.ActiveCfg = Debug|Any CPU
		{3A1ECDAE-A835-414B-AB0C-B30502CEF427}.Debug|x64.Build.0 = Debug|Any CPU
		{3A1ECDAE-A835-414B-AB0C-B30502CEF427}.Debug|x86.ActiveCfg = Debug|Any CPU
		{3A1ECDAE-A835-414B-AB0C-B30502CEF427}.Debug|x86.Build.0 = Debug|Any CPU
		{3A1ECDAE-A835-414B-AB0C-B30502CEF427}.Release|Any CPU.ActiveCfg = Release|Any CPU
		{3A1ECDAE-A835-414B-AB0C-B30502CEF427}.Release|Any CPU.Build.0 = Release|Any CPU
		{3A1ECDAE-A835-414B-AB0C-B30502CEF427}.Release|ARM.ActiveCfg = Release|Any CPU
		{3A1ECDAE-A835-414B-AB0C-B30502CEF427}.Release|ARM.Build.0 = Release|Any CPU
		{3A1ECDAE-A835-414B-AB0C-B30502CEF427}.Release|iPhone.ActiveCfg = Release|Any CPU
		{3A1ECDAE-A835-414B-AB0C-B30502CEF427}.Release|iPhone.Build.0 = Release|Any CPU
		{3A1ECDAE-A835-414B-AB0C-B30502CEF427}.Release|iPhoneSimulator.ActiveCfg = Release|Any CPU
		{3A1ECDAE-A835-414B-AB0C-B30502CEF427}.Release|iPhoneSimulator.Build.0 = Release|Any CPU
		{3A1ECDAE-A835-414B-AB0C-B30502CEF427}.Release|Mixed Platforms.ActiveCfg = Release|Any CPU
		{3A1ECDAE-A835-414B-AB0C-B30502CEF427}.Release|Mixed Platforms.Build.0 = Release|Any CPU
		{3A1ECDAE-A835-414B-AB0C-B30502CEF427}.Release|x64.ActiveCfg = Release|Any CPU
		{3A1ECDAE-A835-414B-AB0C-B30502CEF427}.Release|x64.Build.0 = Release|Any CPU
		{3A1ECDAE-A835-414B-AB0C-B30502CEF427}.Release|x86.ActiveCfg = Release|Any CPU
		{3A1ECDAE-A835-414B-AB0C-B30502CEF427}.Release|x86.Build.0 = Release|Any CPU
		{AF5B711C-CB07-43F7-8130-D84E4B885E7D}.Ad-Hoc|Any CPU.ActiveCfg = Debug|ARM
		{AF5B711C-CB07-43F7-8130-D84E4B885E7D}.Ad-Hoc|Any CPU.Build.0 = Debug|ARM
		{AF5B711C-CB07-43F7-8130-D84E4B885E7D}.Ad-Hoc|Any CPU.Deploy.0 = Debug|ARM
		{AF5B711C-CB07-43F7-8130-D84E4B885E7D}.Ad-Hoc|ARM.ActiveCfg = Debug|ARM
		{AF5B711C-CB07-43F7-8130-D84E4B885E7D}.Ad-Hoc|ARM.Build.0 = Debug|ARM
		{AF5B711C-CB07-43F7-8130-D84E4B885E7D}.Ad-Hoc|ARM.Deploy.0 = Debug|ARM
		{AF5B711C-CB07-43F7-8130-D84E4B885E7D}.Ad-Hoc|iPhone.ActiveCfg = Debug|ARM
		{AF5B711C-CB07-43F7-8130-D84E4B885E7D}.Ad-Hoc|iPhone.Build.0 = Debug|ARM
		{AF5B711C-CB07-43F7-8130-D84E4B885E7D}.Ad-Hoc|iPhone.Deploy.0 = Debug|ARM
		{AF5B711C-CB07-43F7-8130-D84E4B885E7D}.Ad-Hoc|iPhoneSimulator.ActiveCfg = Debug|ARM
		{AF5B711C-CB07-43F7-8130-D84E4B885E7D}.Ad-Hoc|iPhoneSimulator.Build.0 = Debug|ARM
		{AF5B711C-CB07-43F7-8130-D84E4B885E7D}.Ad-Hoc|iPhoneSimulator.Deploy.0 = Debug|ARM
		{AF5B711C-CB07-43F7-8130-D84E4B885E7D}.Ad-Hoc|Mixed Platforms.ActiveCfg = Debug|x86
		{AF5B711C-CB07-43F7-8130-D84E4B885E7D}.Ad-Hoc|Mixed Platforms.Build.0 = Debug|x86
		{AF5B711C-CB07-43F7-8130-D84E4B885E7D}.Ad-Hoc|Mixed Platforms.Deploy.0 = Debug|x86
		{AF5B711C-CB07-43F7-8130-D84E4B885E7D}.Ad-Hoc|x64.ActiveCfg = Debug|x64
		{AF5B711C-CB07-43F7-8130-D84E4B885E7D}.Ad-Hoc|x64.Build.0 = Debug|x64
		{AF5B711C-CB07-43F7-8130-D84E4B885E7D}.Ad-Hoc|x64.Deploy.0 = Debug|x64
		{AF5B711C-CB07-43F7-8130-D84E4B885E7D}.Ad-Hoc|x86.ActiveCfg = Debug|x86
		{AF5B711C-CB07-43F7-8130-D84E4B885E7D}.Ad-Hoc|x86.Build.0 = Debug|x86
		{AF5B711C-CB07-43F7-8130-D84E4B885E7D}.Ad-Hoc|x86.Deploy.0 = Debug|x86
		{AF5B711C-CB07-43F7-8130-D84E4B885E7D}.AppStore|Any CPU.ActiveCfg = Debug|ARM
		{AF5B711C-CB07-43F7-8130-D84E4B885E7D}.AppStore|Any CPU.Build.0 = Debug|ARM
		{AF5B711C-CB07-43F7-8130-D84E4B885E7D}.AppStore|Any CPU.Deploy.0 = Debug|ARM
		{AF5B711C-CB07-43F7-8130-D84E4B885E7D}.AppStore|ARM.ActiveCfg = Debug|ARM
		{AF5B711C-CB07-43F7-8130-D84E4B885E7D}.AppStore|ARM.Build.0 = Debug|ARM
		{AF5B711C-CB07-43F7-8130-D84E4B885E7D}.AppStore|ARM.Deploy.0 = Debug|ARM
		{AF5B711C-CB07-43F7-8130-D84E4B885E7D}.AppStore|iPhone.ActiveCfg = Debug|ARM
		{AF5B711C-CB07-43F7-8130-D84E4B885E7D}.AppStore|iPhone.Build.0 = Debug|ARM
		{AF5B711C-CB07-43F7-8130-D84E4B885E7D}.AppStore|iPhone.Deploy.0 = Debug|ARM
		{AF5B711C-CB07-43F7-8130-D84E4B885E7D}.AppStore|iPhoneSimulator.ActiveCfg = Debug|ARM
		{AF5B711C-CB07-43F7-8130-D84E4B885E7D}.AppStore|iPhoneSimulator.Build.0 = Debug|ARM
		{AF5B711C-CB07-43F7-8130-D84E4B885E7D}.AppStore|iPhoneSimulator.Deploy.0 = Debug|ARM
		{AF5B711C-CB07-43F7-8130-D84E4B885E7D}.AppStore|Mixed Platforms.ActiveCfg = Debug|x86
		{AF5B711C-CB07-43F7-8130-D84E4B885E7D}.AppStore|Mixed Platforms.Build.0 = Debug|x86
		{AF5B711C-CB07-43F7-8130-D84E4B885E7D}.AppStore|Mixed Platforms.Deploy.0 = Debug|x86
		{AF5B711C-CB07-43F7-8130-D84E4B885E7D}.AppStore|x64.ActiveCfg = Debug|x64
		{AF5B711C-CB07-43F7-8130-D84E4B885E7D}.AppStore|x64.Build.0 = Debug|x64
		{AF5B711C-CB07-43F7-8130-D84E4B885E7D}.AppStore|x64.Deploy.0 = Debug|x64
		{AF5B711C-CB07-43F7-8130-D84E4B885E7D}.AppStore|x86.ActiveCfg = Debug|x86
		{AF5B711C-CB07-43F7-8130-D84E4B885E7D}.AppStore|x86.Build.0 = Debug|x86
		{AF5B711C-CB07-43F7-8130-D84E4B885E7D}.AppStore|x86.Deploy.0 = Debug|x86
		{AF5B711C-CB07-43F7-8130-D84E4B885E7D}.Debug|Any CPU.ActiveCfg = Debug|x64
		{AF5B711C-CB07-43F7-8130-D84E4B885E7D}.Debug|Any CPU.Build.0 = Debug|x64
		{AF5B711C-CB07-43F7-8130-D84E4B885E7D}.Debug|Any CPU.Deploy.0 = Debug|x64
		{AF5B711C-CB07-43F7-8130-D84E4B885E7D}.Debug|ARM.ActiveCfg = Debug|ARM
		{AF5B711C-CB07-43F7-8130-D84E4B885E7D}.Debug|ARM.Build.0 = Debug|ARM
		{AF5B711C-CB07-43F7-8130-D84E4B885E7D}.Debug|ARM.Deploy.0 = Debug|ARM
		{AF5B711C-CB07-43F7-8130-D84E4B885E7D}.Debug|iPhone.ActiveCfg = Debug|x86
		{AF5B711C-CB07-43F7-8130-D84E4B885E7D}.Debug|iPhoneSimulator.ActiveCfg = Debug|x86
		{AF5B711C-CB07-43F7-8130-D84E4B885E7D}.Debug|Mixed Platforms.ActiveCfg = Debug|x86
		{AF5B711C-CB07-43F7-8130-D84E4B885E7D}.Debug|Mixed Platforms.Build.0 = Debug|x86
		{AF5B711C-CB07-43F7-8130-D84E4B885E7D}.Debug|Mixed Platforms.Deploy.0 = Debug|x86
		{AF5B711C-CB07-43F7-8130-D84E4B885E7D}.Debug|x64.ActiveCfg = Debug|x64
		{AF5B711C-CB07-43F7-8130-D84E4B885E7D}.Debug|x64.Build.0 = Debug|x64
		{AF5B711C-CB07-43F7-8130-D84E4B885E7D}.Debug|x64.Deploy.0 = Debug|x64
		{AF5B711C-CB07-43F7-8130-D84E4B885E7D}.Debug|x86.ActiveCfg = Debug|x86
		{AF5B711C-CB07-43F7-8130-D84E4B885E7D}.Debug|x86.Build.0 = Debug|x86
		{AF5B711C-CB07-43F7-8130-D84E4B885E7D}.Debug|x86.Deploy.0 = Debug|x86
		{AF5B711C-CB07-43F7-8130-D84E4B885E7D}.Release|Any CPU.ActiveCfg = Release|x86
		{AF5B711C-CB07-43F7-8130-D84E4B885E7D}.Release|ARM.ActiveCfg = Release|ARM
		{AF5B711C-CB07-43F7-8130-D84E4B885E7D}.Release|ARM.Build.0 = Release|ARM
		{AF5B711C-CB07-43F7-8130-D84E4B885E7D}.Release|ARM.Deploy.0 = Release|ARM
		{AF5B711C-CB07-43F7-8130-D84E4B885E7D}.Release|iPhone.ActiveCfg = Release|x86
		{AF5B711C-CB07-43F7-8130-D84E4B885E7D}.Release|iPhoneSimulator.ActiveCfg = Release|x86
		{AF5B711C-CB07-43F7-8130-D84E4B885E7D}.Release|Mixed Platforms.ActiveCfg = Release|x86
		{AF5B711C-CB07-43F7-8130-D84E4B885E7D}.Release|Mixed Platforms.Build.0 = Release|x86
		{AF5B711C-CB07-43F7-8130-D84E4B885E7D}.Release|Mixed Platforms.Deploy.0 = Release|x86
		{AF5B711C-CB07-43F7-8130-D84E4B885E7D}.Release|x64.ActiveCfg = Release|x64
		{AF5B711C-CB07-43F7-8130-D84E4B885E7D}.Release|x64.Build.0 = Release|x64
		{AF5B711C-CB07-43F7-8130-D84E4B885E7D}.Release|x64.Deploy.0 = Release|x64
		{AF5B711C-CB07-43F7-8130-D84E4B885E7D}.Release|x86.ActiveCfg = Release|x86
		{AF5B711C-CB07-43F7-8130-D84E4B885E7D}.Release|x86.Build.0 = Release|x86
		{AF5B711C-CB07-43F7-8130-D84E4B885E7D}.Release|x86.Deploy.0 = Release|x86
		{9D90738A-51E4-4865-BF58-E0E2998720EF}.Ad-Hoc|Any CPU.ActiveCfg = Debug|Any CPU
		{9D90738A-51E4-4865-BF58-E0E2998720EF}.Ad-Hoc|Any CPU.Build.0 = Debug|Any CPU
		{9D90738A-51E4-4865-BF58-E0E2998720EF}.Ad-Hoc|Any CPU.Deploy.0 = Debug|Any CPU
		{9D90738A-51E4-4865-BF58-E0E2998720EF}.Ad-Hoc|ARM.ActiveCfg = Debug|Any CPU
		{9D90738A-51E4-4865-BF58-E0E2998720EF}.Ad-Hoc|ARM.Build.0 = Debug|Any CPU
		{9D90738A-51E4-4865-BF58-E0E2998720EF}.Ad-Hoc|ARM.Deploy.0 = Debug|Any CPU
		{9D90738A-51E4-4865-BF58-E0E2998720EF}.Ad-Hoc|iPhone.ActiveCfg = Debug|Any CPU
		{9D90738A-51E4-4865-BF58-E0E2998720EF}.Ad-Hoc|iPhone.Build.0 = Debug|Any CPU
		{9D90738A-51E4-4865-BF58-E0E2998720EF}.Ad-Hoc|iPhone.Deploy.0 = Debug|Any CPU
		{9D90738A-51E4-4865-BF58-E0E2998720EF}.Ad-Hoc|iPhoneSimulator.ActiveCfg = Debug|Any CPU
		{9D90738A-51E4-4865-BF58-E0E2998720EF}.Ad-Hoc|iPhoneSimulator.Build.0 = Debug|Any CPU
		{9D90738A-51E4-4865-BF58-E0E2998720EF}.Ad-Hoc|iPhoneSimulator.Deploy.0 = Debug|Any CPU
		{9D90738A-51E4-4865-BF58-E0E2998720EF}.Ad-Hoc|Mixed Platforms.ActiveCfg = Debug|Any CPU
		{9D90738A-51E4-4865-BF58-E0E2998720EF}.Ad-Hoc|Mixed Platforms.Build.0 = Debug|Any CPU
		{9D90738A-51E4-4865-BF58-E0E2998720EF}.Ad-Hoc|Mixed Platforms.Deploy.0 = Debug|Any CPU
		{9D90738A-51E4-4865-BF58-E0E2998720EF}.Ad-Hoc|x64.ActiveCfg = Debug|Any CPU
		{9D90738A-51E4-4865-BF58-E0E2998720EF}.Ad-Hoc|x64.Build.0 = Debug|Any CPU
		{9D90738A-51E4-4865-BF58-E0E2998720EF}.Ad-Hoc|x64.Deploy.0 = Debug|Any CPU
		{9D90738A-51E4-4865-BF58-E0E2998720EF}.Ad-Hoc|x86.ActiveCfg = Debug|Any CPU
		{9D90738A-51E4-4865-BF58-E0E2998720EF}.Ad-Hoc|x86.Build.0 = Debug|Any CPU
		{9D90738A-51E4-4865-BF58-E0E2998720EF}.Ad-Hoc|x86.Deploy.0 = Debug|Any CPU
		{9D90738A-51E4-4865-BF58-E0E2998720EF}.AppStore|Any CPU.ActiveCfg = Debug|Any CPU
		{9D90738A-51E4-4865-BF58-E0E2998720EF}.AppStore|Any CPU.Build.0 = Debug|Any CPU
		{9D90738A-51E4-4865-BF58-E0E2998720EF}.AppStore|Any CPU.Deploy.0 = Debug|Any CPU
		{9D90738A-51E4-4865-BF58-E0E2998720EF}.AppStore|ARM.ActiveCfg = Debug|Any CPU
		{9D90738A-51E4-4865-BF58-E0E2998720EF}.AppStore|ARM.Build.0 = Debug|Any CPU
		{9D90738A-51E4-4865-BF58-E0E2998720EF}.AppStore|ARM.Deploy.0 = Debug|Any CPU
		{9D90738A-51E4-4865-BF58-E0E2998720EF}.AppStore|iPhone.ActiveCfg = Debug|Any CPU
		{9D90738A-51E4-4865-BF58-E0E2998720EF}.AppStore|iPhone.Build.0 = Debug|Any CPU
		{9D90738A-51E4-4865-BF58-E0E2998720EF}.AppStore|iPhone.Deploy.0 = Debug|Any CPU
		{9D90738A-51E4-4865-BF58-E0E2998720EF}.AppStore|iPhoneSimulator.ActiveCfg = Debug|Any CPU
		{9D90738A-51E4-4865-BF58-E0E2998720EF}.AppStore|iPhoneSimulator.Build.0 = Debug|Any CPU
		{9D90738A-51E4-4865-BF58-E0E2998720EF}.AppStore|iPhoneSimulator.Deploy.0 = Debug|Any CPU
		{9D90738A-51E4-4865-BF58-E0E2998720EF}.AppStore|Mixed Platforms.ActiveCfg = Debug|Any CPU
		{9D90738A-51E4-4865-BF58-E0E2998720EF}.AppStore|Mixed Platforms.Build.0 = Debug|Any CPU
		{9D90738A-51E4-4865-BF58-E0E2998720EF}.AppStore|Mixed Platforms.Deploy.0 = Debug|Any CPU
		{9D90738A-51E4-4865-BF58-E0E2998720EF}.AppStore|x64.ActiveCfg = Debug|Any CPU
		{9D90738A-51E4-4865-BF58-E0E2998720EF}.AppStore|x64.Build.0 = Debug|Any CPU
		{9D90738A-51E4-4865-BF58-E0E2998720EF}.AppStore|x64.Deploy.0 = Debug|Any CPU
		{9D90738A-51E4-4865-BF58-E0E2998720EF}.AppStore|x86.ActiveCfg = Debug|Any CPU
		{9D90738A-51E4-4865-BF58-E0E2998720EF}.AppStore|x86.Build.0 = Debug|Any CPU
		{9D90738A-51E4-4865-BF58-E0E2998720EF}.AppStore|x86.Deploy.0 = Debug|Any CPU
		{9D90738A-51E4-4865-BF58-E0E2998720EF}.Debug|Any CPU.ActiveCfg = Debug|Any CPU
		{9D90738A-51E4-4865-BF58-E0E2998720EF}.Debug|Any CPU.Build.0 = Debug|Any CPU
		{9D90738A-51E4-4865-BF58-E0E2998720EF}.Debug|Any CPU.Deploy.0 = Debug|Any CPU
		{9D90738A-51E4-4865-BF58-E0E2998720EF}.Debug|ARM.ActiveCfg = Debug|Any CPU
		{9D90738A-51E4-4865-BF58-E0E2998720EF}.Debug|ARM.Build.0 = Debug|Any CPU
		{9D90738A-51E4-4865-BF58-E0E2998720EF}.Debug|ARM.Deploy.0 = Debug|Any CPU
		{9D90738A-51E4-4865-BF58-E0E2998720EF}.Debug|iPhone.ActiveCfg = Debug|Any CPU
		{9D90738A-51E4-4865-BF58-E0E2998720EF}.Debug|iPhone.Build.0 = Debug|Any CPU
		{9D90738A-51E4-4865-BF58-E0E2998720EF}.Debug|iPhone.Deploy.0 = Debug|Any CPU
		{9D90738A-51E4-4865-BF58-E0E2998720EF}.Debug|iPhoneSimulator.ActiveCfg = Debug|Any CPU
		{9D90738A-51E4-4865-BF58-E0E2998720EF}.Debug|iPhoneSimulator.Build.0 = Debug|Any CPU
		{9D90738A-51E4-4865-BF58-E0E2998720EF}.Debug|iPhoneSimulator.Deploy.0 = Debug|Any CPU
		{9D90738A-51E4-4865-BF58-E0E2998720EF}.Debug|Mixed Platforms.ActiveCfg = Debug|Any CPU
		{9D90738A-51E4-4865-BF58-E0E2998720EF}.Debug|Mixed Platforms.Build.0 = Debug|Any CPU
		{9D90738A-51E4-4865-BF58-E0E2998720EF}.Debug|Mixed Platforms.Deploy.0 = Debug|Any CPU
		{9D90738A-51E4-4865-BF58-E0E2998720EF}.Debug|x64.ActiveCfg = Debug|Any CPU
		{9D90738A-51E4-4865-BF58-E0E2998720EF}.Debug|x64.Build.0 = Debug|Any CPU
		{9D90738A-51E4-4865-BF58-E0E2998720EF}.Debug|x64.Deploy.0 = Debug|Any CPU
		{9D90738A-51E4-4865-BF58-E0E2998720EF}.Debug|x86.ActiveCfg = Debug|Any CPU
		{9D90738A-51E4-4865-BF58-E0E2998720EF}.Debug|x86.Build.0 = Debug|Any CPU
		{9D90738A-51E4-4865-BF58-E0E2998720EF}.Debug|x86.Deploy.0 = Debug|Any CPU
		{9D90738A-51E4-4865-BF58-E0E2998720EF}.Release|Any CPU.ActiveCfg = Release|Any CPU
		{9D90738A-51E4-4865-BF58-E0E2998720EF}.Release|Any CPU.Build.0 = Release|Any CPU
		{9D90738A-51E4-4865-BF58-E0E2998720EF}.Release|Any CPU.Deploy.0 = Release|Any CPU
		{9D90738A-51E4-4865-BF58-E0E2998720EF}.Release|ARM.ActiveCfg = Release|Any CPU
		{9D90738A-51E4-4865-BF58-E0E2998720EF}.Release|ARM.Build.0 = Release|Any CPU
		{9D90738A-51E4-4865-BF58-E0E2998720EF}.Release|ARM.Deploy.0 = Release|Any CPU
		{9D90738A-51E4-4865-BF58-E0E2998720EF}.Release|iPhone.ActiveCfg = Release|Any CPU
		{9D90738A-51E4-4865-BF58-E0E2998720EF}.Release|iPhone.Build.0 = Release|Any CPU
		{9D90738A-51E4-4865-BF58-E0E2998720EF}.Release|iPhone.Deploy.0 = Release|Any CPU
		{9D90738A-51E4-4865-BF58-E0E2998720EF}.Release|iPhoneSimulator.ActiveCfg = Release|Any CPU
		{9D90738A-51E4-4865-BF58-E0E2998720EF}.Release|iPhoneSimulator.Build.0 = Release|Any CPU
		{9D90738A-51E4-4865-BF58-E0E2998720EF}.Release|iPhoneSimulator.Deploy.0 = Release|Any CPU
		{9D90738A-51E4-4865-BF58-E0E2998720EF}.Release|Mixed Platforms.ActiveCfg = Release|Any CPU
		{9D90738A-51E4-4865-BF58-E0E2998720EF}.Release|Mixed Platforms.Build.0 = Release|Any CPU
		{9D90738A-51E4-4865-BF58-E0E2998720EF}.Release|Mixed Platforms.Deploy.0 = Release|Any CPU
		{9D90738A-51E4-4865-BF58-E0E2998720EF}.Release|x64.ActiveCfg = Release|Any CPU
		{9D90738A-51E4-4865-BF58-E0E2998720EF}.Release|x64.Build.0 = Release|Any CPU
		{9D90738A-51E4-4865-BF58-E0E2998720EF}.Release|x64.Deploy.0 = Release|Any CPU
		{9D90738A-51E4-4865-BF58-E0E2998720EF}.Release|x86.ActiveCfg = Release|Any CPU
		{9D90738A-51E4-4865-BF58-E0E2998720EF}.Release|x86.Build.0 = Release|Any CPU
		{9D90738A-51E4-4865-BF58-E0E2998720EF}.Release|x86.Deploy.0 = Release|Any CPU
		{13E46D95-F514-4BD2-A98D-2D979465BACC}.Ad-Hoc|Any CPU.ActiveCfg = Debug|iPhoneSimulator
		{13E46D95-F514-4BD2-A98D-2D979465BACC}.Ad-Hoc|Any CPU.Build.0 = Debug|iPhoneSimulator
		{13E46D95-F514-4BD2-A98D-2D979465BACC}.Ad-Hoc|ARM.ActiveCfg = Debug|iPhoneSimulator
		{13E46D95-F514-4BD2-A98D-2D979465BACC}.Ad-Hoc|ARM.Build.0 = Debug|iPhoneSimulator
		{13E46D95-F514-4BD2-A98D-2D979465BACC}.Ad-Hoc|iPhone.ActiveCfg = Debug|iPhone
		{13E46D95-F514-4BD2-A98D-2D979465BACC}.Ad-Hoc|iPhone.Build.0 = Debug|iPhone
		{13E46D95-F514-4BD2-A98D-2D979465BACC}.Ad-Hoc|iPhoneSimulator.ActiveCfg = Debug|iPhoneSimulator
		{13E46D95-F514-4BD2-A98D-2D979465BACC}.Ad-Hoc|iPhoneSimulator.Build.0 = Debug|iPhoneSimulator
		{13E46D95-F514-4BD2-A98D-2D979465BACC}.Ad-Hoc|Mixed Platforms.ActiveCfg = Debug|iPhoneSimulator
		{13E46D95-F514-4BD2-A98D-2D979465BACC}.Ad-Hoc|Mixed Platforms.Build.0 = Debug|iPhoneSimulator
		{13E46D95-F514-4BD2-A98D-2D979465BACC}.Ad-Hoc|x64.ActiveCfg = Debug|iPhoneSimulator
		{13E46D95-F514-4BD2-A98D-2D979465BACC}.Ad-Hoc|x64.Build.0 = Debug|iPhoneSimulator
		{13E46D95-F514-4BD2-A98D-2D979465BACC}.Ad-Hoc|x86.ActiveCfg = Debug|iPhoneSimulator
		{13E46D95-F514-4BD2-A98D-2D979465BACC}.Ad-Hoc|x86.Build.0 = Debug|iPhoneSimulator
		{13E46D95-F514-4BD2-A98D-2D979465BACC}.AppStore|Any CPU.ActiveCfg = Debug|iPhoneSimulator
		{13E46D95-F514-4BD2-A98D-2D979465BACC}.AppStore|Any CPU.Build.0 = Debug|iPhoneSimulator
		{13E46D95-F514-4BD2-A98D-2D979465BACC}.AppStore|ARM.ActiveCfg = Debug|iPhoneSimulator
		{13E46D95-F514-4BD2-A98D-2D979465BACC}.AppStore|ARM.Build.0 = Debug|iPhoneSimulator
		{13E46D95-F514-4BD2-A98D-2D979465BACC}.AppStore|iPhone.ActiveCfg = Debug|iPhone
		{13E46D95-F514-4BD2-A98D-2D979465BACC}.AppStore|iPhone.Build.0 = Debug|iPhone
		{13E46D95-F514-4BD2-A98D-2D979465BACC}.AppStore|iPhoneSimulator.ActiveCfg = Debug|iPhoneSimulator
		{13E46D95-F514-4BD2-A98D-2D979465BACC}.AppStore|iPhoneSimulator.Build.0 = Debug|iPhoneSimulator
		{13E46D95-F514-4BD2-A98D-2D979465BACC}.AppStore|Mixed Platforms.ActiveCfg = Debug|iPhoneSimulator
		{13E46D95-F514-4BD2-A98D-2D979465BACC}.AppStore|Mixed Platforms.Build.0 = Debug|iPhoneSimulator
		{13E46D95-F514-4BD2-A98D-2D979465BACC}.AppStore|x64.ActiveCfg = Debug|iPhoneSimulator
		{13E46D95-F514-4BD2-A98D-2D979465BACC}.AppStore|x64.Build.0 = Debug|iPhoneSimulator
		{13E46D95-F514-4BD2-A98D-2D979465BACC}.AppStore|x86.ActiveCfg = Debug|iPhoneSimulator
		{13E46D95-F514-4BD2-A98D-2D979465BACC}.AppStore|x86.Build.0 = Debug|iPhoneSimulator
		{13E46D95-F514-4BD2-A98D-2D979465BACC}.Debug|Any CPU.ActiveCfg = Debug|iPhoneSimulator
		{13E46D95-F514-4BD2-A98D-2D979465BACC}.Debug|ARM.ActiveCfg = Debug|iPhoneSimulator
		{13E46D95-F514-4BD2-A98D-2D979465BACC}.Debug|iPhone.ActiveCfg = Debug|iPhone
		{13E46D95-F514-4BD2-A98D-2D979465BACC}.Debug|iPhone.Build.0 = Debug|iPhone
		{13E46D95-F514-4BD2-A98D-2D979465BACC}.Debug|iPhoneSimulator.ActiveCfg = Debug|iPhoneSimulator
		{13E46D95-F514-4BD2-A98D-2D979465BACC}.Debug|iPhoneSimulator.Build.0 = Debug|iPhoneSimulator
		{13E46D95-F514-4BD2-A98D-2D979465BACC}.Debug|Mixed Platforms.ActiveCfg = Debug|iPhoneSimulator
		{13E46D95-F514-4BD2-A98D-2D979465BACC}.Debug|Mixed Platforms.Build.0 = Debug|iPhoneSimulator
		{13E46D95-F514-4BD2-A98D-2D979465BACC}.Debug|x64.ActiveCfg = Debug|iPhoneSimulator
		{13E46D95-F514-4BD2-A98D-2D979465BACC}.Debug|x86.ActiveCfg = Debug|iPhoneSimulator
		{13E46D95-F514-4BD2-A98D-2D979465BACC}.Release|Any CPU.ActiveCfg = Release|iPhoneSimulator
		{13E46D95-F514-4BD2-A98D-2D979465BACC}.Release|ARM.ActiveCfg = Release|iPhoneSimulator
		{13E46D95-F514-4BD2-A98D-2D979465BACC}.Release|iPhone.ActiveCfg = Release|iPhone
		{13E46D95-F514-4BD2-A98D-2D979465BACC}.Release|iPhone.Build.0 = Release|iPhone
		{13E46D95-F514-4BD2-A98D-2D979465BACC}.Release|iPhoneSimulator.ActiveCfg = Release|iPhoneSimulator
		{13E46D95-F514-4BD2-A98D-2D979465BACC}.Release|iPhoneSimulator.Build.0 = Release|iPhoneSimulator
		{13E46D95-F514-4BD2-A98D-2D979465BACC}.Release|Mixed Platforms.ActiveCfg = Release|iPhoneSimulator
		{13E46D95-F514-4BD2-A98D-2D979465BACC}.Release|Mixed Platforms.Build.0 = Release|iPhoneSimulator
		{13E46D95-F514-4BD2-A98D-2D979465BACC}.Release|x64.ActiveCfg = Release|iPhoneSimulator
		{13E46D95-F514-4BD2-A98D-2D979465BACC}.Release|x86.ActiveCfg = Release|iPhoneSimulator
		{040DA56C-199F-4F4C-94AF-01B945A283B5}.Ad-Hoc|Any CPU.ActiveCfg = Release|Any CPU
		{040DA56C-199F-4F4C-94AF-01B945A283B5}.Ad-Hoc|Any CPU.Build.0 = Release|Any CPU
		{040DA56C-199F-4F4C-94AF-01B945A283B5}.Ad-Hoc|ARM.ActiveCfg = Release|Any CPU
		{040DA56C-199F-4F4C-94AF-01B945A283B5}.Ad-Hoc|ARM.Build.0 = Release|Any CPU
		{040DA56C-199F-4F4C-94AF-01B945A283B5}.Ad-Hoc|iPhone.ActiveCfg = Release|Any CPU
		{040DA56C-199F-4F4C-94AF-01B945A283B5}.Ad-Hoc|iPhone.Build.0 = Release|Any CPU
		{040DA56C-199F-4F4C-94AF-01B945A283B5}.Ad-Hoc|iPhoneSimulator.ActiveCfg = Release|Any CPU
		{040DA56C-199F-4F4C-94AF-01B945A283B5}.Ad-Hoc|iPhoneSimulator.Build.0 = Release|Any CPU
		{040DA56C-199F-4F4C-94AF-01B945A283B5}.Ad-Hoc|Mixed Platforms.ActiveCfg = Release|Any CPU
		{040DA56C-199F-4F4C-94AF-01B945A283B5}.Ad-Hoc|Mixed Platforms.Build.0 = Release|Any CPU
		{040DA56C-199F-4F4C-94AF-01B945A283B5}.Ad-Hoc|x64.ActiveCfg = Release|Any CPU
		{040DA56C-199F-4F4C-94AF-01B945A283B5}.Ad-Hoc|x64.Build.0 = Release|Any CPU
		{040DA56C-199F-4F4C-94AF-01B945A283B5}.Ad-Hoc|x86.ActiveCfg = Release|Any CPU
		{040DA56C-199F-4F4C-94AF-01B945A283B5}.Ad-Hoc|x86.Build.0 = Release|Any CPU
		{040DA56C-199F-4F4C-94AF-01B945A283B5}.AppStore|Any CPU.ActiveCfg = Release|Any CPU
		{040DA56C-199F-4F4C-94AF-01B945A283B5}.AppStore|Any CPU.Build.0 = Release|Any CPU
		{040DA56C-199F-4F4C-94AF-01B945A283B5}.AppStore|ARM.ActiveCfg = Release|Any CPU
		{040DA56C-199F-4F4C-94AF-01B945A283B5}.AppStore|ARM.Build.0 = Release|Any CPU
		{040DA56C-199F-4F4C-94AF-01B945A283B5}.AppStore|iPhone.ActiveCfg = Release|Any CPU
		{040DA56C-199F-4F4C-94AF-01B945A283B5}.AppStore|iPhone.Build.0 = Release|Any CPU
		{040DA56C-199F-4F4C-94AF-01B945A283B5}.AppStore|iPhoneSimulator.ActiveCfg = Release|Any CPU
		{040DA56C-199F-4F4C-94AF-01B945A283B5}.AppStore|iPhoneSimulator.Build.0 = Release|Any CPU
		{040DA56C-199F-4F4C-94AF-01B945A283B5}.AppStore|Mixed Platforms.ActiveCfg = Release|Any CPU
		{040DA56C-199F-4F4C-94AF-01B945A283B5}.AppStore|Mixed Platforms.Build.0 = Release|Any CPU
		{040DA56C-199F-4F4C-94AF-01B945A283B5}.AppStore|x64.ActiveCfg = Release|Any CPU
		{040DA56C-199F-4F4C-94AF-01B945A283B5}.AppStore|x64.Build.0 = Release|Any CPU
		{040DA56C-199F-4F4C-94AF-01B945A283B5}.AppStore|x86.ActiveCfg = Release|Any CPU
		{040DA56C-199F-4F4C-94AF-01B945A283B5}.AppStore|x86.Build.0 = Release|Any CPU
		{040DA56C-199F-4F4C-94AF-01B945A283B5}.Debug|Any CPU.ActiveCfg = Debug|Any CPU
		{040DA56C-199F-4F4C-94AF-01B945A283B5}.Debug|Any CPU.Build.0 = Debug|Any CPU
		{040DA56C-199F-4F4C-94AF-01B945A283B5}.Debug|ARM.ActiveCfg = Debug|Any CPU
		{040DA56C-199F-4F4C-94AF-01B945A283B5}.Debug|ARM.Build.0 = Debug|Any CPU
		{040DA56C-199F-4F4C-94AF-01B945A283B5}.Debug|iPhone.ActiveCfg = Debug|Any CPU
		{040DA56C-199F-4F4C-94AF-01B945A283B5}.Debug|iPhone.Build.0 = Debug|Any CPU
		{040DA56C-199F-4F4C-94AF-01B945A283B5}.Debug|iPhoneSimulator.ActiveCfg = Debug|Any CPU
		{040DA56C-199F-4F4C-94AF-01B945A283B5}.Debug|iPhoneSimulator.Build.0 = Debug|Any CPU
		{040DA56C-199F-4F4C-94AF-01B945A283B5}.Debug|Mixed Platforms.ActiveCfg = Debug|Any CPU
		{040DA56C-199F-4F4C-94AF-01B945A283B5}.Debug|Mixed Platforms.Build.0 = Debug|Any CPU
		{040DA56C-199F-4F4C-94AF-01B945A283B5}.Debug|x64.ActiveCfg = Debug|Any CPU
		{040DA56C-199F-4F4C-94AF-01B945A283B5}.Debug|x64.Build.0 = Debug|Any CPU
		{040DA56C-199F-4F4C-94AF-01B945A283B5}.Debug|x86.ActiveCfg = Debug|Any CPU
		{040DA56C-199F-4F4C-94AF-01B945A283B5}.Debug|x86.Build.0 = Debug|Any CPU
		{040DA56C-199F-4F4C-94AF-01B945A283B5}.Release|Any CPU.ActiveCfg = Release|Any CPU
		{040DA56C-199F-4F4C-94AF-01B945A283B5}.Release|Any CPU.Build.0 = Release|Any CPU
		{040DA56C-199F-4F4C-94AF-01B945A283B5}.Release|ARM.ActiveCfg = Release|Any CPU
		{040DA56C-199F-4F4C-94AF-01B945A283B5}.Release|ARM.Build.0 = Release|Any CPU
		{040DA56C-199F-4F4C-94AF-01B945A283B5}.Release|iPhone.ActiveCfg = Release|Any CPU
		{040DA56C-199F-4F4C-94AF-01B945A283B5}.Release|iPhone.Build.0 = Release|Any CPU
		{040DA56C-199F-4F4C-94AF-01B945A283B5}.Release|iPhoneSimulator.ActiveCfg = Release|Any CPU
		{040DA56C-199F-4F4C-94AF-01B945A283B5}.Release|iPhoneSimulator.Build.0 = Release|Any CPU
		{040DA56C-199F-4F4C-94AF-01B945A283B5}.Release|Mixed Platforms.ActiveCfg = Release|Any CPU
		{040DA56C-199F-4F4C-94AF-01B945A283B5}.Release|Mixed Platforms.Build.0 = Release|Any CPU
		{040DA56C-199F-4F4C-94AF-01B945A283B5}.Release|x64.ActiveCfg = Release|Any CPU
		{040DA56C-199F-4F4C-94AF-01B945A283B5}.Release|x64.Build.0 = Release|Any CPU
		{040DA56C-199F-4F4C-94AF-01B945A283B5}.Release|x86.ActiveCfg = Release|Any CPU
		{040DA56C-199F-4F4C-94AF-01B945A283B5}.Release|x86.Build.0 = Release|Any CPU
	EndGlobalSection
	GlobalSection(SolutionProperties) = preSolution
		HideSolutionNode = FALSE
	EndGlobalSection
	GlobalSection(NestedProjects) = preSolution
		{3A1ECDAE-A835-414B-AB0C-B30502CEF427} = {B3AE763A-DC9C-4F5D-B5F0-97A1B10D147B}
		{AF5B711C-CB07-43F7-8130-D84E4B885E7D} = {040381B1-C9E8-4D7C-8A60-EF4C343C7374}
		{9D90738A-51E4-4865-BF58-E0E2998720EF} = {040381B1-C9E8-4D7C-8A60-EF4C343C7374}
		{13E46D95-F514-4BD2-A98D-2D979465BACC} = {040381B1-C9E8-4D7C-8A60-EF4C343C7374}
		{040DA56C-199F-4F4C-94AF-01B945A283B5} = {040381B1-C9E8-4D7C-8A60-EF4C343C7374}
	EndGlobalSection
	GlobalSection(ExtensibilityGlobals) = postSolution
		SolutionGuid = {817F38CD-5F5B-4847-A448-EED10C4E68EC}
	EndGlobalSection
EndGlobal
